// !$*UTF8*$!
{
	archiveVersion = 1;
	classes = {
	};
	objectVersion = 55;
	objects = {

/* Begin PBXBuildFile section */
		1E35CC1528006CD9009AFA52 /* SearchPageViewController.swift in Sources */ = {isa = PBXBuildFile; fileRef = 1E35CC1428006CD9009AFA52 /* SearchPageViewController.swift */; };
		1E35CC17280076F8009AFA52 /* SearchResultTableCell.swift in Sources */ = {isa = PBXBuildFile; fileRef = 1E35CC16280076F8009AFA52 /* SearchResultTableCell.swift */; };
		1E35CC1928007847009AFA52 /* MovieDetailViewController.swift in Sources */ = {isa = PBXBuildFile; fileRef = 1E35CC1828007847009AFA52 /* MovieDetailViewController.swift */; };
		1E35CC252800A873009AFA52 /* SimilarMoviesCell.swift in Sources */ = {isa = PBXBuildFile; fileRef = 1E35CC242800A873009AFA52 /* SimilarMoviesCell.swift */; };
		1E35CC282800C5BE009AFA52 /* WebServices.swift in Sources */ = {isa = PBXBuildFile; fileRef = 1E35CC272800C5BE009AFA52 /* WebServices.swift */; };
		1E35CC2A2800D614009AFA52 /* NowPlayingModel.swift in Sources */ = {isa = PBXBuildFile; fileRef = 1E35CC292800D614009AFA52 /* NowPlayingModel.swift */; };
		1E35CC2C2800D70E009AFA52 /* Urls.swift in Sources */ = {isa = PBXBuildFile; fileRef = 1E35CC2B2800D70E009AFA52 /* Urls.swift */; };
		1E35CC2E2800DBF4009AFA52 /* Method.swift in Sources */ = {isa = PBXBuildFile; fileRef = 1E35CC2D2800DBF4009AFA52 /* Method.swift */; };
		1E35CC302800DC8A009AFA52 /* AppError.swift in Sources */ = {isa = PBXBuildFile; fileRef = 1E35CC2F2800DC8A009AFA52 /* AppError.swift */; };
		1E35CC322800DCB6009AFA52 /* Route.swift in Sources */ = {isa = PBXBuildFile; fileRef = 1E35CC312800DCB6009AFA52 /* Route.swift */; };
		1E35CC342800DD39009AFA52 /* ApiResponse.swift in Sources */ = {isa = PBXBuildFile; fileRef = 1E35CC332800DD39009AFA52 /* ApiResponse.swift */; };
		1E35CC382800DE2E009AFA52 /* AsUrl.swift in Sources */ = {isa = PBXBuildFile; fileRef = 1E35CC372800DE2E009AFA52 /* AsUrl.swift */; };
		1E36028D27FF6DDB009EA403 /* AppDelegate.swift in Sources */ = {isa = PBXBuildFile; fileRef = 1E36028C27FF6DDB009EA403 /* AppDelegate.swift */; };
		1E36028F27FF6DDB009EA403 /* SceneDelegate.swift in Sources */ = {isa = PBXBuildFile; fileRef = 1E36028E27FF6DDB009EA403 /* SceneDelegate.swift */; };
		1E36029127FF6DDB009EA403 /* ViewController.swift in Sources */ = {isa = PBXBuildFile; fileRef = 1E36029027FF6DDB009EA403 /* ViewController.swift */; };
		1E36029427FF6DDB009EA403 /* Main.storyboard in Resources */ = {isa = PBXBuildFile; fileRef = 1E36029227FF6DDB009EA403 /* Main.storyboard */; };
		1E36029627FF6DDC009EA403 /* Assets.xcassets in Resources */ = {isa = PBXBuildFile; fileRef = 1E36029527FF6DDC009EA403 /* Assets.xcassets */; };
		1E36029927FF6DDC009EA403 /* LaunchScreen.storyboard in Resources */ = {isa = PBXBuildFile; fileRef = 1E36029727FF6DDC009EA403 /* LaunchScreen.storyboard */; };
		1E3D0E2227FF951000D37597 /* MainPageViewController.swift in Sources */ = {isa = PBXBuildFile; fileRef = 1E3D0E2127FF951000D37597 /* MainPageViewController.swift */; };
		1E3D0E2827FF9DB600D37597 /* ImageTextField.swift in Sources */ = {isa = PBXBuildFile; fileRef = 1E3D0E2727FF9DB600D37597 /* ImageTextField.swift */; };
		1E3D0E2B27FFA87400D37597 /* NetworkImage.swift in Sources */ = {isa = PBXBuildFile; fileRef = 1E3D0E2A27FFA87400D37597 /* NetworkImage.swift */; };
		1E3D0E2D27FFA99800D37597 /* MovieTableViewCell.swift in Sources */ = {isa = PBXBuildFile; fileRef = 1E3D0E2C27FFA99800D37597 /* MovieTableViewCell.swift */; };
		1E4981E82803421C00DBA2A8 /* SearchPageViewModel.swift in Sources */ = {isa = PBXBuildFile; fileRef = 1E4981E72803421C00DBA2A8 /* SearchPageViewModel.swift */; };
		1E4981EA2803465700DBA2A8 /* DetailPageViewModel.swift in Sources */ = {isa = PBXBuildFile; fileRef = 1E4981E92803465700DBA2A8 /* DetailPageViewModel.swift */; };
		1EF0E03228031B16007078A8 /* SearchResultModel.swift in Sources */ = {isa = PBXBuildFile; fileRef = 1EF0E03128031B16007078A8 /* SearchResultModel.swift */; };
		1EFB4F812801AF24006AC367 /* UpComingModel.swift in Sources */ = {isa = PBXBuildFile; fileRef = 1EFB4F802801AF24006AC367 /* UpComingModel.swift */; };
		1EFB4F832801DA44006AC367 /* MovieDetailModel.swift in Sources */ = {isa = PBXBuildFile; fileRef = 1EFB4F822801DA44006AC367 /* MovieDetailModel.swift */; };
		1EFB4F8528024896006AC367 /* SimilarMoviesModel.swift in Sources */ = {isa = PBXBuildFile; fileRef = 1EFB4F8428024896006AC367 /* SimilarMoviesModel.swift */; };
		7E01D2005AF0AA727F4733FC /* Pods_MovieApp.framework in Frameworks */ = {isa = PBXBuildFile; fileRef = 8A7C41FD37622F5D0CCE2E3D /* Pods_MovieApp.framework */; };
/* End PBXBuildFile section */

/* Begin PBXFileReference section */
		1E35CC1428006CD9009AFA52 /* SearchPageViewController.swift */ = {isa = PBXFileReference; lastKnownFileType = sourcecode.swift; path = SearchPageViewController.swift; sourceTree = "<group>"; };
		1E35CC16280076F8009AFA52 /* SearchResultTableCell.swift */ = {isa = PBXFileReference; lastKnownFileType = sourcecode.swift; path = SearchResultTableCell.swift; sourceTree = "<group>"; };
		1E35CC1828007847009AFA52 /* MovieDetailViewController.swift */ = {isa = PBXFileReference; lastKnownFileType = sourcecode.swift; path = MovieDetailViewController.swift; sourceTree = "<group>"; };
		1E35CC242800A873009AFA52 /* SimilarMoviesCell.swift */ = {isa = PBXFileReference; lastKnownFileType = sourcecode.swift; path = SimilarMoviesCell.swift; sourceTree = "<group>"; };
		1E35CC272800C5BE009AFA52 /* WebServices.swift */ = {isa = PBXFileReference; lastKnownFileType = sourcecode.swift; path = WebServices.swift; sourceTree = "<group>"; };
		1E35CC292800D614009AFA52 /* NowPlayingModel.swift */ = {isa = PBXFileReference; lastKnownFileType = sourcecode.swift; path = NowPlayingModel.swift; sourceTree = "<group>"; };
		1E35CC2B2800D70E009AFA52 /* Urls.swift */ = {isa = PBXFileReference; lastKnownFileType = sourcecode.swift; path = Urls.swift; sourceTree = "<group>"; };
		1E35CC2D2800DBF4009AFA52 /* Method.swift */ = {isa = PBXFileReference; lastKnownFileType = sourcecode.swift; path = Method.swift; sourceTree = "<group>"; };
		1E35CC2F2800DC8A009AFA52 /* AppError.swift */ = {isa = PBXFileReference; lastKnownFileType = sourcecode.swift; path = AppError.swift; sourceTree = "<group>"; };
		1E35CC312800DCB6009AFA52 /* Route.swift */ = {isa = PBXFileReference; lastKnownFileType = sourcecode.swift; path = Route.swift; sourceTree = "<group>"; };
		1E35CC332800DD39009AFA52 /* ApiResponse.swift */ = {isa = PBXFileReference; lastKnownFileType = sourcecode.swift; path = ApiResponse.swift; sourceTree = "<group>"; };
		1E35CC372800DE2E009AFA52 /* AsUrl.swift */ = {isa = PBXFileReference; lastKnownFileType = sourcecode.swift; path = AsUrl.swift; sourceTree = "<group>"; };
		1E36028927FF6DDB009EA403 /* MovieApp.app */ = {isa = PBXFileReference; explicitFileType = wrapper.application; includeInIndex = 0; path = MovieApp.app; sourceTree = BUILT_PRODUCTS_DIR; };
		1E36028C27FF6DDB009EA403 /* AppDelegate.swift */ = {isa = PBXFileReference; lastKnownFileType = sourcecode.swift; path = AppDelegate.swift; sourceTree = "<group>"; };
		1E36028E27FF6DDB009EA403 /* SceneDelegate.swift */ = {isa = PBXFileReference; lastKnownFileType = sourcecode.swift; path = SceneDelegate.swift; sourceTree = "<group>"; };
		1E36029027FF6DDB009EA403 /* ViewController.swift */ = {isa = PBXFileReference; lastKnownFileType = sourcecode.swift; path = ViewController.swift; sourceTree = "<group>"; };
		1E36029327FF6DDB009EA403 /* Base */ = {isa = PBXFileReference; lastKnownFileType = file.storyboard; name = Base; path = Base.lproj/Main.storyboard; sourceTree = "<group>"; };
		1E36029527FF6DDC009EA403 /* Assets.xcassets */ = {isa = PBXFileReference; lastKnownFileType = folder.assetcatalog; path = Assets.xcassets; sourceTree = "<group>"; };
		1E36029827FF6DDC009EA403 /* Base */ = {isa = PBXFileReference; lastKnownFileType = file.storyboard; name = Base; path = Base.lproj/LaunchScreen.storyboard; sourceTree = "<group>"; };
		1E36029A27FF6DDC009EA403 /* Info.plist */ = {isa = PBXFileReference; lastKnownFileType = text.plist.xml; path = Info.plist; sourceTree = "<group>"; };
		1E3D0E2127FF951000D37597 /* MainPageViewController.swift */ = {isa = PBXFileReference; lastKnownFileType = sourcecode.swift; path = MainPageViewController.swift; sourceTree = "<group>"; };
		1E3D0E2727FF9DB600D37597 /* ImageTextField.swift */ = {isa = PBXFileReference; lastKnownFileType = sourcecode.swift; path = ImageTextField.swift; sourceTree = "<group>"; };
		1E3D0E2A27FFA87400D37597 /* NetworkImage.swift */ = {isa = PBXFileReference; lastKnownFileType = sourcecode.swift; path = NetworkImage.swift; sourceTree = "<group>"; };
		1E3D0E2C27FFA99800D37597 /* MovieTableViewCell.swift */ = {isa = PBXFileReference; lastKnownFileType = sourcecode.swift; path = MovieTableViewCell.swift; sourceTree = "<group>"; };
		1E4981E72803421C00DBA2A8 /* SearchPageViewModel.swift */ = {isa = PBXFileReference; lastKnownFileType = sourcecode.swift; path = SearchPageViewModel.swift; sourceTree = "<group>"; };
		1E4981E92803465700DBA2A8 /* DetailPageViewModel.swift */ = {isa = PBXFileReference; lastKnownFileType = sourcecode.swift; path = DetailPageViewModel.swift; sourceTree = "<group>"; };
		1EF0E03128031B16007078A8 /* SearchResultModel.swift */ = {isa = PBXFileReference; lastKnownFileType = sourcecode.swift; path = SearchResultModel.swift; sourceTree = "<group>"; };
		1EFB4F802801AF24006AC367 /* UpComingModel.swift */ = {isa = PBXFileReference; lastKnownFileType = sourcecode.swift; path = UpComingModel.swift; sourceTree = "<group>"; };
		1EFB4F822801DA44006AC367 /* MovieDetailModel.swift */ = {isa = PBXFileReference; lastKnownFileType = sourcecode.swift; path = MovieDetailModel.swift; sourceTree = "<group>"; };
		1EFB4F8428024896006AC367 /* SimilarMoviesModel.swift */ = {isa = PBXFileReference; lastKnownFileType = sourcecode.swift; path = SimilarMoviesModel.swift; sourceTree = "<group>"; };
		8A7C41FD37622F5D0CCE2E3D /* Pods_MovieApp.framework */ = {isa = PBXFileReference; explicitFileType = wrapper.framework; includeInIndex = 0; path = Pods_MovieApp.framework; sourceTree = BUILT_PRODUCTS_DIR; };
		9A7263F00F72512E9EDFE406 /* Pods-MovieApp.debug.xcconfig */ = {isa = PBXFileReference; includeInIndex = 1; lastKnownFileType = text.xcconfig; name = "Pods-MovieApp.debug.xcconfig"; path = "Target Support Files/Pods-MovieApp/Pods-MovieApp.debug.xcconfig"; sourceTree = "<group>"; };
		DA19902670F6D5C92DC386CA /* Pods-MovieApp.release.xcconfig */ = {isa = PBXFileReference; includeInIndex = 1; lastKnownFileType = text.xcconfig; name = "Pods-MovieApp.release.xcconfig"; path = "Target Support Files/Pods-MovieApp/Pods-MovieApp.release.xcconfig"; sourceTree = "<group>"; };
/* End PBXFileReference section */

/* Begin PBXFrameworksBuildPhase section */
		1E36028627FF6DDB009EA403 /* Frameworks */ = {
			isa = PBXFrameworksBuildPhase;
			buildActionMask = 2147483647;
			files = (
				7E01D2005AF0AA727F4733FC /* Pods_MovieApp.framework in Frameworks */,
			);
			runOnlyForDeploymentPostprocessing = 0;
		};
/* End PBXFrameworksBuildPhase section */

/* Begin PBXGroup section */
		1E35CC262800C5A7009AFA52 /* NetworkServices */ = {
			isa = PBXGroup;
			children = (
				1E35CC272800C5BE009AFA52 /* WebServices.swift */,
				1E35CC2D2800DBF4009AFA52 /* Method.swift */,
				1E35CC2F2800DC8A009AFA52 /* AppError.swift */,
				1E35CC312800DCB6009AFA52 /* Route.swift */,
				1E35CC332800DD39009AFA52 /* ApiResponse.swift */,
			);
			path = NetworkServices;
			sourceTree = "<group>";
		};
		1E35CC362800DE26009AFA52 /* String */ = {
			isa = PBXGroup;
			children = (
				1E35CC372800DE2E009AFA52 /* AsUrl.swift */,
			);
			path = String;
			sourceTree = "<group>";
		};
		1E36028027FF6DDB009EA403 = {
			isa = PBXGroup;
			children = (
				1E36028B27FF6DDB009EA403 /* MovieApp */,
				1E36028A27FF6DDB009EA403 /* Products */,
				C0D6EB957969BB52F97F879B /* Pods */,
				95314429BB591C2013E58054 /* Frameworks */,
			);
			sourceTree = "<group>";
		};
		1E36028A27FF6DDB009EA403 /* Products */ = {
			isa = PBXGroup;
			children = (
				1E36028927FF6DDB009EA403 /* MovieApp.app */,
			);
			name = Products;
			sourceTree = "<group>";
		};
		1E36028B27FF6DDB009EA403 /* MovieApp */ = {
			isa = PBXGroup;
			children = (
				1E3D0E1E27FF92D500D37597 /* Globals */,
				1E3D0E1D27FF92CF00D37597 /* Services */,
				1E3D0E1227FF924D00D37597 /* SearchPage */,
				1E3D0E1127FF924700D37597 /* DetailPage */,
				1E3D0E1027FF924100D37597 /* MainPage */,
				1E36028C27FF6DDB009EA403 /* AppDelegate.swift */,
				1E36028E27FF6DDB009EA403 /* SceneDelegate.swift */,
				1E36029027FF6DDB009EA403 /* ViewController.swift */,
				1E36029227FF6DDB009EA403 /* Main.storyboard */,
				1E36029527FF6DDC009EA403 /* Assets.xcassets */,
				1E36029727FF6DDC009EA403 /* LaunchScreen.storyboard */,
				1E36029A27FF6DDC009EA403 /* Info.plist */,
			);
			path = MovieApp;
			sourceTree = "<group>";
		};
		1E3D0E1027FF924100D37597 /* MainPage */ = {
			isa = PBXGroup;
			children = (
				1E3D0E1527FF928700D37597 /* View */,
				1E3D0E1427FF928200D37597 /* Model */,
				1E3D0E1327FF927B00D37597 /* ViewModel */,
			);
			path = MainPage;
			sourceTree = "<group>";
		};
		1E3D0E1127FF924700D37597 /* DetailPage */ = {
			isa = PBXGroup;
			children = (
				1E3D0E1827FF929900D37597 /* View */,
				1E3D0E1727FF929100D37597 /* ViewModel */,
				1E3D0E1627FF928C00D37597 /* Model */,
			);
			path = DetailPage;
			sourceTree = "<group>";
		};
		1E3D0E1227FF924D00D37597 /* SearchPage */ = {
			isa = PBXGroup;
			children = (
				1E3D0E1C27FF92C700D37597 /* Model */,
				1E3D0E1B27FF92C300D37597 /* View */,
				1E3D0E1A27FF92BA00D37597 /* ViewModel */,
			);
			path = SearchPage;
			sourceTree = "<group>";
		};
		1E3D0E1327FF927B00D37597 /* ViewModel */ = {
			isa = PBXGroup;
			children = (
			);
			path = ViewModel;
			sourceTree = "<group>";
		};
		1E3D0E1427FF928200D37597 /* Model */ = {
			isa = PBXGroup;
			children = (
				1E35CC292800D614009AFA52 /* NowPlayingModel.swift */,
				1EFB4F802801AF24006AC367 /* UpComingModel.swift */,
			);
			path = Model;
			sourceTree = "<group>";
		};
		1E3D0E1527FF928700D37597 /* View */ = {
			isa = PBXGroup;
			children = (
				1E3D0E2127FF951000D37597 /* MainPageViewController.swift */,
				1E3D0E2C27FFA99800D37597 /* MovieTableViewCell.swift */,
			);
			path = View;
			sourceTree = "<group>";
		};
		1E3D0E1627FF928C00D37597 /* Model */ = {
			isa = PBXGroup;
			children = (
				1EFB4F822801DA44006AC367 /* MovieDetailModel.swift */,
				1EFB4F8428024896006AC367 /* SimilarMoviesModel.swift */,
			);
			path = Model;
			sourceTree = "<group>";
		};
		1E3D0E1727FF929100D37597 /* ViewModel */ = {
			isa = PBXGroup;
			children = (
				1E4981E92803465700DBA2A8 /* DetailPageViewModel.swift */,
			);
			path = ViewModel;
			sourceTree = "<group>";
		};
		1E3D0E1827FF929900D37597 /* View */ = {
			isa = PBXGroup;
			children = (
				1E35CC1828007847009AFA52 /* MovieDetailViewController.swift */,
				1E35CC242800A873009AFA52 /* SimilarMoviesCell.swift */,
			);
			path = View;
			sourceTree = "<group>";
		};
		1E3D0E1A27FF92BA00D37597 /* ViewModel */ = {
			isa = PBXGroup;
			children = (
				1E4981E72803421C00DBA2A8 /* SearchPageViewModel.swift */,
			);
			path = ViewModel;
			sourceTree = "<group>";
		};
		1E3D0E1B27FF92C300D37597 /* View */ = {
			isa = PBXGroup;
			children = (
				1E35CC1428006CD9009AFA52 /* SearchPageViewController.swift */,
				1E35CC16280076F8009AFA52 /* SearchResultTableCell.swift */,
			);
			path = View;
			sourceTree = "<group>";
		};
		1E3D0E1C27FF92C700D37597 /* Model */ = {
			isa = PBXGroup;
			children = (
				1EF0E03128031B16007078A8 /* SearchResultModel.swift */,
			);
			path = Model;
			sourceTree = "<group>";
		};
		1E3D0E1D27FF92CF00D37597 /* Services */ = {
			isa = PBXGroup;
			children = (
				1E35CC262800C5A7009AFA52 /* NetworkServices */,
			);
			path = Services;
			sourceTree = "<group>";
		};
		1E3D0E1E27FF92D500D37597 /* Globals */ = {
			isa = PBXGroup;
			children = (
				1E3D0E2027FF92E400D37597 /* Extensions */,
				1E3D0E1F27FF92DF00D37597 /* Constans */,
			);
			path = Globals;
			sourceTree = "<group>";
		};
		1E3D0E1F27FF92DF00D37597 /* Constans */ = {
			isa = PBXGroup;
			children = (
				1E35CC2B2800D70E009AFA52 /* Urls.swift */,
			);
			path = Constans;
			sourceTree = "<group>";
		};
		1E3D0E2027FF92E400D37597 /* Extensions */ = {
			isa = PBXGroup;
			children = (
				1E35CC362800DE26009AFA52 /* String */,
				1E3D0E2927FFA86700D37597 /* UIImage */,
				1E3D0E2627FF9D9C00D37597 /* UITextField */,
			);
			path = Extensions;
			sourceTree = "<group>";
		};
		1E3D0E2627FF9D9C00D37597 /* UITextField */ = {
			isa = PBXGroup;
			children = (
				1E3D0E2727FF9DB600D37597 /* ImageTextField.swift */,
			);
			path = UITextField;
			sourceTree = "<group>";
		};
		1E3D0E2927FFA86700D37597 /* UIImage */ = {
			isa = PBXGroup;
			children = (
				1E3D0E2A27FFA87400D37597 /* NetworkImage.swift */,
			);
			path = UIImage;
			sourceTree = "<group>";
		};
		95314429BB591C2013E58054 /* Frameworks */ = {
			isa = PBXGroup;
			children = (
				8A7C41FD37622F5D0CCE2E3D /* Pods_MovieApp.framework */,
			);
			name = Frameworks;
			sourceTree = "<group>";
		};
		C0D6EB957969BB52F97F879B /* Pods */ = {
			isa = PBXGroup;
			children = (
				9A7263F00F72512E9EDFE406 /* Pods-MovieApp.debug.xcconfig */,
				DA19902670F6D5C92DC386CA /* Pods-MovieApp.release.xcconfig */,
			);
			path = Pods;
			sourceTree = "<group>";
		};
/* End PBXGroup section */

/* Begin PBXNativeTarget section */
		1E36028827FF6DDB009EA403 /* MovieApp */ = {
			isa = PBXNativeTarget;
			buildConfigurationList = 1E36029D27FF6DDC009EA403 /* Build configuration list for PBXNativeTarget "MovieApp" */;
			buildPhases = (
				617F245601C7C9F9B6E0DE21 /* [CP] Check Pods Manifest.lock */,
				1E36028527FF6DDB009EA403 /* Sources */,
				1E36028627FF6DDB009EA403 /* Frameworks */,
				1E36028727FF6DDB009EA403 /* Resources */,
				9C360D7B2135052ABDBBB937 /* [CP] Embed Pods Frameworks */,
			);
			buildRules = (
			);
			dependencies = (
			);
			name = MovieApp;
			productName = MovieApp;
			productReference = 1E36028927FF6DDB009EA403 /* MovieApp.app */;
			productType = "com.apple.product-type.application";
		};
/* End PBXNativeTarget section */

/* Begin PBXProject section */
		1E36028127FF6DDB009EA403 /* Project object */ = {
			isa = PBXProject;
			attributes = {
				BuildIndependentTargetsInParallel = 1;
				LastSwiftUpdateCheck = 1320;
				LastUpgradeCheck = 1320;
				TargetAttributes = {
					1E36028827FF6DDB009EA403 = {
						CreatedOnToolsVersion = 13.2.1;
					};
				};
			};
			buildConfigurationList = 1E36028427FF6DDB009EA403 /* Build configuration list for PBXProject "MovieApp" */;
			compatibilityVersion = "Xcode 13.0";
			developmentRegion = en;
			hasScannedForEncodings = 0;
			knownRegions = (
				en,
				Base,
			);
			mainGroup = 1E36028027FF6DDB009EA403;
			productRefGroup = 1E36028A27FF6DDB009EA403 /* Products */;
			projectDirPath = "";
			projectRoot = "";
			targets = (
				1E36028827FF6DDB009EA403 /* MovieApp */,
			);
		};
/* End PBXProject section */

/* Begin PBXResourcesBuildPhase section */
		1E36028727FF6DDB009EA403 /* Resources */ = {
			isa = PBXResourcesBuildPhase;
			buildActionMask = 2147483647;
			files = (
				1E36029927FF6DDC009EA403 /* LaunchScreen.storyboard in Resources */,
				1E36029627FF6DDC009EA403 /* Assets.xcassets in Resources */,
				1E36029427FF6DDB009EA403 /* Main.storyboard in Resources */,
			);
			runOnlyForDeploymentPostprocessing = 0;
		};
/* End PBXResourcesBuildPhase section */

/* Begin PBXShellScriptBuildPhase section */
		617F245601C7C9F9B6E0DE21 /* [CP] Check Pods Manifest.lock */ = {
			isa = PBXShellScriptBuildPhase;
			buildActionMask = 2147483647;
			files = (
			);
			inputFileListPaths = (
			);
			inputPaths = (
				"${PODS_PODFILE_DIR_PATH}/Podfile.lock",
				"${PODS_ROOT}/Manifest.lock",
			);
			name = "[CP] Check Pods Manifest.lock";
			outputFileListPaths = (
			);
			outputPaths = (
				"$(DERIVED_FILE_DIR)/Pods-MovieApp-checkManifestLockResult.txt",
			);
			runOnlyForDeploymentPostprocessing = 0;
			shellPath = /bin/sh;
			shellScript = "diff \"${PODS_PODFILE_DIR_PATH}/Podfile.lock\" \"${PODS_ROOT}/Manifest.lock\" > /dev/null\nif [ $? != 0 ] ; then\n    # print error to STDERR\n    echo \"error: The sandbox is not in sync with the Podfile.lock. Run 'pod install' or update your CocoaPods installation.\" >&2\n    exit 1\nfi\n# This output is used by Xcode 'outputs' to avoid re-running this script phase.\necho \"SUCCESS\" > \"${SCRIPT_OUTPUT_FILE_0}\"\n";
			showEnvVarsInLog = 0;
		};
		9C360D7B2135052ABDBBB937 /* [CP] Embed Pods Frameworks */ = {
			isa = PBXShellScriptBuildPhase;
			buildActionMask = 2147483647;
			files = (
			);
			inputFileListPaths = (
				"${PODS_ROOT}/Target Support Files/Pods-MovieApp/Pods-MovieApp-frameworks-${CONFIGURATION}-input-files.xcfilelist",
			);
			name = "[CP] Embed Pods Frameworks";
			outputFileListPaths = (
				"${PODS_ROOT}/Target Support Files/Pods-MovieApp/Pods-MovieApp-frameworks-${CONFIGURATION}-output-files.xcfilelist",
			);
			runOnlyForDeploymentPostprocessing = 0;
			shellPath = /bin/sh;
			shellScript = "\"${PODS_ROOT}/Target Support Files/Pods-MovieApp/Pods-MovieApp-frameworks.sh\"\n";
			showEnvVarsInLog = 0;
		};
/* End PBXShellScriptBuildPhase section */

/* Begin PBXSourcesBuildPhase section */
		1E36028527FF6DDB009EA403 /* Sources */ = {
			isa = PBXSourcesBuildPhase;
			buildActionMask = 2147483647;
			files = (
				1E3D0E2227FF951000D37597 /* MainPageViewController.swift in Sources */,
				1E35CC252800A873009AFA52 /* SimilarMoviesCell.swift in Sources */,
				1E35CC282800C5BE009AFA52 /* WebServices.swift in Sources */,
				1E36029127FF6DDB009EA403 /* ViewController.swift in Sources */,
				1E35CC382800DE2E009AFA52 /* AsUrl.swift in Sources */,
				1E35CC302800DC8A009AFA52 /* AppError.swift in Sources */,
				1E35CC17280076F8009AFA52 /* SearchResultTableCell.swift in Sources */,
				1E35CC2E2800DBF4009AFA52 /* Method.swift in Sources */,
				1E35CC2C2800D70E009AFA52 /* Urls.swift in Sources */,
				1EFB4F812801AF24006AC367 /* UpComingModel.swift in Sources */,
				1E3D0E2D27FFA99800D37597 /* MovieTableViewCell.swift in Sources */,
				1E35CC322800DCB6009AFA52 /* Route.swift in Sources */,
				1E35CC1528006CD9009AFA52 /* SearchPageViewController.swift in Sources */,
				1EF0E03228031B16007078A8 /* SearchResultModel.swift in Sources */,
				1E3D0E2827FF9DB600D37597 /* ImageTextField.swift in Sources */,
				1E4981EA2803465700DBA2A8 /* DetailPageViewModel.swift in Sources */,
				1EFB4F8528024896006AC367 /* SimilarMoviesModel.swift in Sources */,
				1E35CC1928007847009AFA52 /* MovieDetailViewController.swift in Sources */,
				1EFB4F832801DA44006AC367 /* MovieDetailModel.swift in Sources */,
				1E36028D27FF6DDB009EA403 /* AppDelegate.swift in Sources */,
				1E4981E82803421C00DBA2A8 /* SearchPageViewModel.swift in Sources */,
				1E3D0E2B27FFA87400D37597 /* NetworkImage.swift in Sources */,
				1E35CC342800DD39009AFA52 /* ApiResponse.swift in Sources */,
				1E35CC2A2800D614009AFA52 /* NowPlayingModel.swift in Sources */,
				1E36028F27FF6DDB009EA403 /* SceneDelegate.swift in Sources */,
			);
			runOnlyForDeploymentPostprocessing = 0;
		};
/* End PBXSourcesBuildPhase section */

/* Begin PBXVariantGroup section */
		1E36029227FF6DDB009EA403 /* Main.storyboard */ = {
			isa = PBXVariantGroup;
			children = (
				1E36029327FF6DDB009EA403 /* Base */,
			);
			name = Main.storyboard;
			sourceTree = "<group>";
		};
		1E36029727FF6DDC009EA403 /* LaunchScreen.storyboard */ = {
			isa = PBXVariantGroup;
			children = (
				1E36029827FF6DDC009EA403 /* Base */,
			);
			name = LaunchScreen.storyboard;
			sourceTree = "<group>";
		};
/* End PBXVariantGroup section */

/* Begin XCBuildConfiguration section */
		1E36029B27FF6DDC009EA403 /* Debug */ = {
			isa = XCBuildConfiguration;
			buildSettings = {
				ALWAYS_SEARCH_USER_PATHS = NO;
				CLANG_ANALYZER_NONNULL = YES;
				CLANG_ANALYZER_NUMBER_OBJECT_CONVERSION = YES_AGGRESSIVE;
				CLANG_CXX_LANGUAGE_STANDARD = "gnu++17";
				CLANG_CXX_LIBRARY = "libc++";
				CLANG_ENABLE_MODULES = YES;
				CLANG_ENABLE_OBJC_ARC = YES;
				CLANG_ENABLE_OBJC_WEAK = YES;
				CLANG_WARN_BLOCK_CAPTURE_AUTORELEASING = YES;
				CLANG_WARN_BOOL_CONVERSION = YES;
				CLANG_WARN_COMMA = YES;
				CLANG_WARN_CONSTANT_CONVERSION = YES;
				CLANG_WARN_DEPRECATED_OBJC_IMPLEMENTATIONS = YES;
				CLANG_WARN_DIRECT_OBJC_ISA_USAGE = YES_ERROR;
				CLANG_WARN_DOCUMENTATION_COMMENTS = YES;
				CLANG_WARN_EMPTY_BODY = YES;
				CLANG_WARN_ENUM_CONVERSION = YES;
				CLANG_WARN_INFINITE_RECURSION = YES;
				CLANG_WARN_INT_CONVERSION = YES;
				CLANG_WARN_NON_LITERAL_NULL_CONVERSION = YES;
				CLANG_WARN_OBJC_IMPLICIT_RETAIN_SELF = YES;
				CLANG_WARN_OBJC_LITERAL_CONVERSION = YES;
				CLANG_WARN_OBJC_ROOT_CLASS = YES_ERROR;
				CLANG_WARN_QUOTED_INCLUDE_IN_FRAMEWORK_HEADER = YES;
				CLANG_WARN_RANGE_LOOP_ANALYSIS = YES;
				CLANG_WARN_STRICT_PROTOTYPES = YES;
				CLANG_WARN_SUSPICIOUS_MOVE = YES;
				CLANG_WARN_UNGUARDED_AVAILABILITY = YES_AGGRESSIVE;
				CLANG_WARN_UNREACHABLE_CODE = YES;
				CLANG_WARN__DUPLICATE_METHOD_MATCH = YES;
				COPY_PHASE_STRIP = NO;
				DEBUG_INFORMATION_FORMAT = dwarf;
				ENABLE_STRICT_OBJC_MSGSEND = YES;
				ENABLE_TESTABILITY = YES;
				GCC_C_LANGUAGE_STANDARD = gnu11;
				GCC_DYNAMIC_NO_PIC = NO;
				GCC_NO_COMMON_BLOCKS = YES;
				GCC_OPTIMIZATION_LEVEL = 0;
				GCC_PREPROCESSOR_DEFINITIONS = (
					"DEBUG=1",
					"$(inherited)",
				);
				GCC_WARN_64_TO_32_BIT_CONVERSION = YES;
				GCC_WARN_ABOUT_RETURN_TYPE = YES_ERROR;
				GCC_WARN_UNDECLARED_SELECTOR = YES;
				GCC_WARN_UNINITIALIZED_AUTOS = YES_AGGRESSIVE;
				GCC_WARN_UNUSED_FUNCTION = YES;
				GCC_WARN_UNUSED_VARIABLE = YES;
				IPHONEOS_DEPLOYMENT_TARGET = 15.2;
				MTL_ENABLE_DEBUG_INFO = INCLUDE_SOURCE;
				MTL_FAST_MATH = YES;
				ONLY_ACTIVE_ARCH = YES;
				SDKROOT = iphoneos;
				SWIFT_ACTIVE_COMPILATION_CONDITIONS = DEBUG;
				SWIFT_OPTIMIZATION_LEVEL = "-Onone";
			};
			name = Debug;
		};
		1E36029C27FF6DDC009EA403 /* Release */ = {
			isa = XCBuildConfiguration;
			buildSettings = {
				ALWAYS_SEARCH_USER_PATHS = NO;
				CLANG_ANALYZER_NONNULL = YES;
				CLANG_ANALYZER_NUMBER_OBJECT_CONVERSION = YES_AGGRESSIVE;
				CLANG_CXX_LANGUAGE_STANDARD = "gnu++17";
				CLANG_CXX_LIBRARY = "libc++";
				CLANG_ENABLE_MODULES = YES;
				CLANG_ENABLE_OBJC_ARC = YES;
				CLANG_ENABLE_OBJC_WEAK = YES;
				CLANG_WARN_BLOCK_CAPTURE_AUTORELEASING = YES;
				CLANG_WARN_BOOL_CONVERSION = YES;
				CLANG_WARN_COMMA = YES;
				CLANG_WARN_CONSTANT_CONVERSION = YES;
				CLANG_WARN_DEPRECATED_OBJC_IMPLEMENTATIONS = YES;
				CLANG_WARN_DIRECT_OBJC_ISA_USAGE = YES_ERROR;
				CLANG_WARN_DOCUMENTATION_COMMENTS = YES;
				CLANG_WARN_EMPTY_BODY = YES;
				CLANG_WARN_ENUM_CONVERSION = YES;
				CLANG_WARN_INFINITE_RECURSION = YES;
				CLANG_WARN_INT_CONVERSION = YES;
				CLANG_WARN_NON_LITERAL_NULL_CONVERSION = YES;
				CLANG_WARN_OBJC_IMPLICIT_RETAIN_SELF = YES;
				CLANG_WARN_OBJC_LITERAL_CONVERSION = YES;
				CLANG_WARN_OBJC_ROOT_CLASS = YES_ERROR;
				CLANG_WARN_QUOTED_INCLUDE_IN_FRAMEWORK_HEADER = YES;
				CLANG_WARN_RANGE_LOOP_ANALYSIS = YES;
				CLANG_WARN_STRICT_PROTOTYPES = YES;
				CLANG_WARN_SUSPICIOUS_MOVE = YES;
				CLANG_WARN_UNGUARDED_AVAILABILITY = YES_AGGRESSIVE;
				CLANG_WARN_UNREACHABLE_CODE = YES;
				CLANG_WARN__DUPLICATE_METHOD_MATCH = YES;
				COPY_PHASE_STRIP = NO;
				DEBUG_INFORMATION_FORMAT = "dwarf-with-dsym";
				ENABLE_NS_ASSERTIONS = NO;
				ENABLE_STRICT_OBJC_MSGSEND = YES;
				GCC_C_LANGUAGE_STANDARD = gnu11;
				GCC_NO_COMMON_BLOCKS = YES;
				GCC_WARN_64_TO_32_BIT_CONVERSION = YES;
				GCC_WARN_ABOUT_RETURN_TYPE = YES_ERROR;
				GCC_WARN_UNDECLARED_SELECTOR = YES;
				GCC_WARN_UNINITIALIZED_AUTOS = YES_AGGRESSIVE;
				GCC_WARN_UNUSED_FUNCTION = YES;
				GCC_WARN_UNUSED_VARIABLE = YES;
				IPHONEOS_DEPLOYMENT_TARGET = 15.2;
				MTL_ENABLE_DEBUG_INFO = NO;
				MTL_FAST_MATH = YES;
				SDKROOT = iphoneos;
				SWIFT_COMPILATION_MODE = wholemodule;
				SWIFT_OPTIMIZATION_LEVEL = "-O";
				VALIDATE_PRODUCT = YES;
			};
			name = Release;
		};
		1E36029E27FF6DDC009EA403 /* Debug */ = {
			isa = XCBuildConfiguration;
			baseConfigurationReference = 9A7263F00F72512E9EDFE406 /* Pods-MovieApp.debug.xcconfig */;
			buildSettings = {
				ASSETCATALOG_COMPILER_APPICON_NAME = AppIcon;
				ASSETCATALOG_COMPILER_GLOBAL_ACCENT_COLOR_NAME = AccentColor;
				CODE_SIGN_STYLE = Automatic;
				CURRENT_PROJECT_VERSION = 1;
				DEVELOPMENT_TEAM = T66V5742LP;
				GENERATE_INFOPLIST_FILE = YES;
				INFOPLIST_FILE = MovieApp/Info.plist;
				INFOPLIST_KEY_UIApplicationSupportsIndirectInputEvents = YES;
				INFOPLIST_KEY_UILaunchStoryboardName = LaunchScreen;
				INFOPLIST_KEY_UIMainStoryboardFile = Main;
				INFOPLIST_KEY_UISupportedInterfaceOrientations_iPad = "UIInterfaceOrientationPortrait UIInterfaceOrientationPortraitUpsideDown UIInterfaceOrientationLandscapeLeft UIInterfaceOrientationLandscapeRight";
				INFOPLIST_KEY_UISupportedInterfaceOrientations_iPhone = "UIInterfaceOrientationPortrait UIInterfaceOrientationLandscapeLeft UIInterfaceOrientationLandscapeRight";
				LD_RUNPATH_SEARCH_PATHS = (
					"$(inherited)",
					"@executable_path/Frameworks",
				);
				MARKETING_VERSION = 1.0;
				PRODUCT_BUNDLE_IDENTIFIER = com.prokaryotech.MovieApp;
				PRODUCT_NAME = "$(TARGET_NAME)";
				SWIFT_EMIT_LOC_STRINGS = YES;
				SWIFT_VERSION = 5.0;
				TARGETED_DEVICE_FAMILY = "1,2";
			};
			name = Debug;
		};
		1E36029F27FF6DDC009EA403 /* Release */ = {
			isa = XCBuildConfiguration;
			baseConfigurationReference = DA19902670F6D5C92DC386CA /* Pods-MovieApp.release.xcconfig */;
			buildSettings = {
				ASSETCATALOG_COMPILER_APPICON_NAME = AppIcon;
				ASSETCATALOG_COMPILER_GLOBAL_ACCENT_COLOR_NAME = AccentColor;
				CODE_SIGN_STYLE = Automatic;
				CURRENT_PROJECT_VERSION = 1;
				DEVELOPMENT_TEAM = T66V5742LP;
				GENERATE_INFOPLIST_FILE = YES;
				INFOPLIST_FILE = MovieApp/Info.plist;
				INFOPLIST_KEY_UIApplicationSupportsIndirectInputEvents = YES;
				INFOPLIST_KEY_UILaunchStoryboardName = LaunchScreen;
				INFOPLIST_KEY_UIMainStoryboardFile = Main;
				INFOPLIST_KEY_UISupportedInterfaceOrientations_iPad = "UIInterfaceOrientationPortrait UIInterfaceOrientationPortraitUpsideDown UIInterfaceOrientationLandscapeLeft UIInterfaceOrientationLandscapeRight";
				INFOPLIST_KEY_UISupportedInterfaceOrientations_iPhone = "UIInterfaceOrientationPortrait UIInterfaceOrientationLandscapeLeft UIInterfaceOrientationLandscapeRight";
				LD_RUNPATH_SEARCH_PATHS = (
					"$(inherited)",
					"@executable_path/Frameworks",
				);
				MARKETING_VERSION = 1.0;
				PRODUCT_BUNDLE_IDENTIFIER = com.prokaryotech.MovieApp;
				PRODUCT_NAME = "$(TARGET_NAME)";
				SWIFT_EMIT_LOC_STRINGS = YES;
				SWIFT_VERSION = 5.0;
				TARGETED_DEVICE_FAMILY = "1,2";
			};
			name = Release;
		};
/* End XCBuildConfiguration section */

/* Begin XCConfigurationList section */
		1E36028427FF6DDB009EA403 /* Build configuration list for PBXProject "MovieApp" */ = {
			isa = XCConfigurationList;
			buildConfigurations = (
				1E36029B27FF6DDC009EA403 /* Debug */,
				1E36029C27FF6DDC009EA403 /* Release */,
			);
			defaultConfigurationIsVisible = 0;
			defaultConfigurationName = Release;
		};
		1E36029D27FF6DDC009EA403 /* Build configuration list for PBXNativeTarget "MovieApp" */ = {
			isa = XCConfigurationList;
			buildConfigurations = (
				1E36029E27FF6DDC009EA403 /* Debug */,
				1E36029F27FF6DDC009EA403 /* Release */,
			);
			defaultConfigurationIsVisible = 0;
			defaultConfigurationName = Release;
		};
/* End XCConfigurationList section */
	};
	rootObject = 1E36028127FF6DDB009EA403 /* Project object */;
}
